
Microsoft Visual Studio Solution File, Format Version 12.00
# Visual Studio Version 17
VisualStudioVersion = 17.11.35303.130
MinimumVisualStudioVersion = 10.0.40219.1
Project("{FAE04EC0-301F-11D3-BF4B-00C04F79EFBC}") = "Primitive_Auto_Mapping", "Primitive_Auto_Mapping\Primitive_Auto_Mapping.csproj", "{DC95D816-8C0D-4BAE-983E-983B49F97695}"
EndProject
Global
	GlobalSection(SolutionConfigurationPlatforms) = preSolution
		Debug|Any CPU = Debug|Any CPU
		Release|Any CPU = Release|Any CPU
	EndGlobalSection
	GlobalSection(ProjectConfigurationPlatforms) = postSolution
		{DC95D816-8C0D-4BAE-983E-983B49F97695}.Debug|Any CPU.ActiveCfg = Debug|Any CPU
		{DC95D816-8C0D-4BAE-983E-983B49F97695}.Debug|Any CPU.Build.0 = Debug|Any CPU
		{DC95D816-8C0D-4BAE-983E-983B49F97695}.Release|Any CPU.ActiveCfg = Release|Any CPU
		{DC95D816-8C0D-4BAE-983E-983B49F97695}.Release|Any CPU.Build.0 = Release|Any CPU
	EndGlobalSection
	GlobalSection(SolutionProperties) = preSolution
		HideSolutionNode = FALSE
	EndGlobalSection
	GlobalSection(ExtensibilityGlobals) = postSolution
		SolutionGuid = {0A754EE5-7D1E-4B08-95D3-FE61F39D491C}
	EndGlobalSection
EndGlobal
